// !$*UTF8*$!
{
	archiveVersion = 1;
	classes = {
	};
	objectVersion = 77;
	objects = {

/* Begin PBXBuildFile section */
		5A1D00000000000000000101 /* GMSnagNav in Frameworks */ = {isa = PBXBuildFile; productRef = 5A1D00000000000000000401 /* GMSnagNav */; };
/* End PBXBuildFile section */

/* Begin PBXContainerItemProxy section */
		5A1D00000000000000000B01 /* PBXContainerItemProxy */ = {
			isa = PBXContainerItemProxy;
			containerPortal = 5A1D00000000000000000001 /* Project object */;
			proxyType = 1;
			remoteGlobalIDString = 5A1D00000000000000000701;
			remoteInfo = SnagNavDemo;
		};
/* End PBXContainerItemProxy section */

/* Begin PBXFileReference section */
		5A1D00000000000000000201 /* SnagNavDemo.app */ = {isa = PBXFileReference; explicitFileType = wrapper.application; includeInIndex = 0; path = SnagNavDemo.app; sourceTree = BUILT_PRODUCTS_DIR; };
		5A1D00000000000000000202 /* SnagNavDemoUITests.xctest */ = {isa = PBXFileReference; explicitFileType = wrapper.cfbundle; includeInIndex = 0; path = SnagNavDemoUITests.xctest; sourceTree = BUILT_PRODUCTS_DIR; };
		5A1D00000000000000000203 /* Signing.xcconfig */ = {isa = PBXFileReference; lastKnownFileType = text.xcconfig; path = Signing.xcconfig; sourceTree = "<group>"; };
/* End PBXFileReference section */

/* Begin PBXFileSystemSynchronizedRootGroup section */
		5A1D00000000000000000301 /* SnagNavDemo */ = {
			isa = PBXFileSystemSynchronizedRootGroup;
			path = SnagNavDemo;
			sourceTree = "<group>";
		};
		5A1D00000000000000000302 /* SnagNavDemoUITests */ = {
			isa = PBXFileSystemSynchronizedRootGroup;
			path = SnagNavDemoUITests;
			sourceTree = "<group>";
		};
/* End PBXFileSystemSynchronizedRootGroup section */

/* Begin PBXFrameworksBuildPhase section */
		5A1D00000000000000000501 /* Frameworks */ = {
			isa = PBXFrameworksBuildPhase;
			buildActionMask = 2147483647;
			files = (
				5A1D00000000000000000101 /* GMSnagNav in Frameworks */,
			);
			runOnlyForDeploymentPostprocessing = 0;
		};
		5A1D00000000000000000503 /* Frameworks */ = {
			isa = PBXFrameworksBuildPhase;
			buildActionMask = 2147483647;
			files = (
			);
			runOnlyForDeploymentPostprocessing = 0;
		};
/* End PBXFrameworksBuildPhase section */

/* Begin PBXGroup section */
		5A1D00000000000000000601 = {
			isa = PBXGroup;
			children = (
				5A1D00000000000000000301 /* SnagNavDemo */,
				5A1D00000000000000000302 /* SnagNavDemoUITests */,
				5A1D00000000000000000603 /* Config */,
				5A1D00000000000000000602 /* Products */,
			);
			sourceTree = "<group>";
		};
		5A1D00000000000000000602 /* Products */ = {
			isa = PBXGroup;
			children = (
				5A1D00000000000000000201 /* SnagNavDemo.app */,
				5A1D00000000000000000202 /* SnagNavDemoUITests.xctest */,
			);
			name = Products;
			sourceTree = "<group>";
		};
		5A1D00000000000000000603 /* Config */ = {
			isa = PBXGroup;
			children = (
				5A1D00000000000000000203 /* Signing.xcconfig */,
			);
			path = Config;
			sourceTree = "<group>";
		};
/* End PBXGroup section */

/* Begin PBXNativeTarget section */
		5A1D00000000000000000701 /* SnagNavDemo */ = {
			isa = PBXNativeTarget;
			buildConfigurationList = 5A1D00000000000000000902 /* Build configuration list for PBXNativeTarget "SnagNavDemo" */;
			buildPhases = (
				5A1D00000000000000000801 /* Sources */,
				5A1D00000000000000000501 /* Frameworks */,
				5A1D00000000000000000802 /* Resources */,
			);
			buildRules = (
			);
			dependencies = (
			);
			fileSystemSynchronizedGroups = (
				5A1D00000000000000000301 /* SnagNavDemo */,
			);
			name = SnagNavDemo;
			packageProductDependencies = (
				5A1D00000000000000000401 /* GMSnagNav */,
			);
			productName = SnagNavDemo;
			productReference = 5A1D00000000000000000201 /* SnagNavDemo.app */;
			productType = "com.apple.product-type.application";
		};
		5A1D00000000000000000702 /* SnagNavDemoUITests */ = {
			isa = PBXNativeTarget;
			buildConfigurationList = 5A1D00000000000000000903 /* Build configuration list for PBXNativeTarget "SnagNavDemoUITests" */;
			buildPhases = (
				5A1D00000000000000000803 /* Sources */,
				5A1D00000000000000000503 /* Frameworks */,
				5A1D00000000000000000804 /* Resources */,
			);
			buildRules = (
			);
			dependencies = (
				5A1D00000000000000000C01 /* PBXTargetDependency */,
			);
			fileSystemSynchronizedGroups = (
				5A1D00000000000000000302 /* SnagNavDemoUITests */,
			);
			name = SnagNavDemoUITests;
			packageProductDependencies = (
			);
			productName = SnagNavDemoUITests;
			productReference = 5A1D00000000000000000202 /* SnagNavDemoUITests.xctest */;
			productType = "com.apple.product-type.bundle.ui-testing";
		};
/* End PBXNativeTarget section */

/* Begin PBXProject section */
		5A1D00000000000000000001 /* Project object */ = {
			isa = PBXProject;
			attributes = {
				BuildIndependentTargetsInParallel = 1;
				LastSwiftUpdateCheck = 2600;
				LastUpgradeCheck = 2600;
				TargetAttributes = {
					5A1D00000000000000000701 = {
						CreatedOnToolsVersion = 26.0;
					};
					5A1D00000000000000000702 = {
						CreatedOnToolsVersion = 26.0;
						TestTargetID = 5A1D00000000000000000701;
					};
				};
			};
			buildConfigurationList = 5A1D00000000000000000901 /* Build configuration list for PBXProject "SnagNavDemo" */;
			developmentRegion = en;
			hasScannedForEncodings = 0;
			knownRegions = (
				en,
				Base,
			);
			mainGroup = 5A1D00000000000000000601;
			minimizedProjectReferenceProxies = 1;
			packageReferences = (
				5A1D00000000000000000451 /* XCLocalSwiftPackageReference "../.." */,
			);
			preferredProjectObjectVersion = 77;
			productRefGroup = 5A1D00000000000000000602 /* Products */;
			projectDirPath = "";
			projectRoot = "";
			targets = (
				5A1D00000000000000000701 /* SnagNavDemo */,
				5A1D00000000000000000702 /* SnagNavDemoUITests */,
			);
		};
/* End PBXProject section */

/* Begin PBXResourcesBuildPhase section */
		5A1D00000000000000000802 /* Resources */ = {
			isa = PBXResourcesBuildPhase;
			buildActionMask = 2147483647;
			files = (
			);
			runOnlyForDeploymentPostprocessing = 0;
		};
		5A1D00000000000000000804 /* Resources */ = {
			isa = PBXResourcesBuildPhase;
			buildActionMask = 2147483647;
			files = (
			);
			runOnlyForDeploymentPostprocessing = 0;
		};
/* End PBXResourcesBuildPhase section */

/* Begin PBXSourcesBuildPhase section */
		5A1D00000000000000000801 /* Sources */ = {
			isa = PBXSourcesBuildPhase;
			buildActionMask = 2147483647;
			files = (
			);
			runOnlyForDeploymentPostprocessing = 0;
		};
		5A1D00000000000000000803 /* Sources */ = {
			isa = PBXSourcesBuildPhase;
			buildActionMask = 2147483647;
			files = (
			);
			runOnlyForDeploymentPostprocessing = 0;
		};
/* End PBXSourcesBuildPhase section */

/* Begin PBXTargetDependency section */
		5A1D00000000000000000C01 /* PBXTargetDependency */ = {
			isa = PBXTargetDependency;
			target = 5A1D00000000000000000701 /* SnagNavDemo */;
			targetProxy = 5A1D00000000000000000B01 /* PBXContainerItemProxy */;
		};
/* End PBXTargetDependency section */

/* Begin XCBuildConfiguration section */
		5A1D00000000000000000A01 /* Debug */ = {
			isa = XCBuildConfiguration;
			buildSettings = {
				ALWAYS_SEARCH_USER_PATHS = NO;
				CLANG_ENABLE_MODULES = YES;
				CLANG_ENABLE_OBJC_ARC = YES;
				COPY_PHASE_STRIP = NO;
				DEBUG_INFORMATION_FORMAT = dwarf;
				ENABLE_STRICT_OBJC_MSGSEND = YES;
				ENABLE_TESTABILITY = YES;
				ENABLE_USER_SCRIPT_SANDBOXING = YES;
				GCC_OPTIMIZATION_LEVEL = 0;
				IPHONEOS_DEPLOYMENT_TARGET = 26.0;
				MACOSX_DEPLOYMENT_TARGET = 26.0;
				ONLY_ACTIVE_ARCH = YES;
				SWIFT_ACTIVE_COMPILATION_CONDITIONS = "DEBUG $(inherited)";
				SWIFT_OPTIMIZATION_LEVEL = "-Onone";
				SWIFT_TREAT_WARNINGS_AS_ERRORS = YES;
			};
			name = Debug;
		};
		5A1D00000000000000000A02 /* Release */ = {
			isa = XCBuildConfiguration;
			buildSettings = {
				ALWAYS_SEARCH_USER_PATHS = NO;
				CLANG_ENABLE_MODULES = YES;
				CLANG_ENABLE_OBJC_ARC = YES;
				COPY_PHASE_STRIP = NO;
				DEBUG_INFORMATION_FORMAT = "dwarf-with-dsym";
				ENABLE_NS_ASSERTIONS = NO;
				ENABLE_STRICT_OBJC_MSGSEND = YES;
				ENABLE_USER_SCRIPT_SANDBOXING = YES;
				IPHONEOS_DEPLOYMENT_TARGET = 26.0;
				MACOSX_DEPLOYMENT_TARGET = 26.0;
				SWIFT_COMPILATION_MODE = wholemodule;
			};
			name = Release;
		};
		5A1D00000000000000000A03 /* Debug */ = {
			isa = XCBuildConfiguration;
			baseConfigurationReference = 5A1D00000000000000000203 /* Signing.xcconfig */;
			buildSettings = {
				ASSETCATALOG_COMPILER_APPICON_NAME = AppIcon;
				CODE_SIGN_STYLE = Automatic;
				CURRENT_PROJECT_VERSION = 1;
				ENABLE_PREVIEWS = YES;
				GENERATE_INFOPLIST_FILE = YES;
				INFOPLIST_KEY_CFBundleDisplayName = "SnagNav Demo";
				INFOPLIST_KEY_LSApplicationCategoryType = "public.app-category.developer-tools";
				INFOPLIST_KEY_UIApplicationSceneManifest_Generation = YES;
				INFOPLIST_KEY_UIApplicationSupportsIndirectInputEvents = YES;
				INFOPLIST_KEY_UILaunchScreen_Generation = YES;
				INFOPLIST_KEY_UISupportedInterfaceOrientations_iPad = "UIInterfaceOrientationPortrait UIInterfaceOrientationPortraitUpsideDown UIInterfaceOrientationLandscapeLeft UIInterfaceOrientationLandscapeRight";
				INFOPLIST_KEY_UISupportedInterfaceOrientations_iPhone = "UIInterfaceOrientationPortrait UIInterfaceOrientationLandscapeLeft UIInterfaceOrientationLandscapeRight";
				LD_RUNPATH_SEARCH_PATHS = "@executable_path/Frameworks";
				"LD_RUNPATH_SEARCH_PATHS[sdk=macosx*]" = "@executable_path/../Frameworks";
				MARKETING_VERSION = 1.0;
				PRODUCT_BUNDLE_IDENTIFIER = com.github.kerker00.SnagNavDemo;
				PRODUCT_NAME = "$(TARGET_NAME)";
				SDKROOT = auto;
				SUPPORTED_PLATFORMS = "iphoneos iphonesimulator macosx";
				SUPPORTS_MACCATALYST = NO;
				SWIFT_APPROACHABLE_CONCURRENCY = YES;
				SWIFT_DEFAULT_ACTOR_ISOLATION = MainActor;
				SWIFT_EMIT_LOC_STRINGS = YES;
				SWIFT_VERSION = 6.0;
				TARGETED_DEVICE_FAMILY = "1,2";
			};
			name = Debug;
		};
		5A1D00000000000000000A04 /* Release */ = {
			isa = XCBuildConfiguration;
			baseConfigurationReference = 5A1D00000000000000000203 /* Signing.xcconfig */;
			buildSettings = {
				ASSETCATALOG_COMPILER_APPICON_NAME = AppIcon;
				CODE_SIGN_STYLE = Automatic;
				CURRENT_PROJECT_VERSION = 1;
				ENABLE_PREVIEWS = YES;
				GENERATE_INFOPLIST_FILE = YES;
				INFOPLIST_KEY_CFBundleDisplayName = "SnagNav Demo";
				INFOPLIST_KEY_LSApplicationCategoryType = "public.app-category.developer-tools";
				INFOPLIST_KEY_UIApplicationSceneManifest_Generation = YES;
				INFOPLIST_KEY_UIApplicationSupportsIndirectInputEvents = YES;
				INFOPLIST_KEY_UILaunchScreen_Generation = YES;
				INFOPLIST_KEY_UISupportedInterfaceOrientations_iPad = "UIInterfaceOrientationPortrait UIInterfaceOrientationPortraitUpsideDown UIInterfaceOrientationLandscapeLeft UIInterfaceOrientationLandscapeRight";
				INFOPLIST_KEY_UISupportedInterfaceOrientations_iPhone = "UIInterfaceOrientationPortrait UIInterfaceOrientationLandscapeLeft UIInterfaceOrientationLandscapeRight";
				LD_RUNPATH_SEARCH_PATHS = "@executable_path/Frameworks";
				"LD_RUNPATH_SEARCH_PATHS[sdk=macosx*]" = "@executable_path/../Frameworks";
				MARKETING_VERSION = 1.0;
				PRODUCT_BUNDLE_IDENTIFIER = com.github.kerker00.SnagNavDemo;
				PRODUCT_NAME = "$(TARGET_NAME)";
				SDKROOT = auto;
				SUPPORTED_PLATFORMS = "iphoneos iphonesimulator macosx";
				SUPPORTS_MACCATALYST = NO;
				SWIFT_APPROACHABLE_CONCURRENCY = YES;
				SWIFT_DEFAULT_ACTOR_ISOLATION = MainActor;
				SWIFT_EMIT_LOC_STRINGS = YES;
				SWIFT_VERSION = 6.0;
				TARGETED_DEVICE_FAMILY = "1,2";
			};
			name = Release;
		};
		5A1D00000000000000000A05 /* Debug */ = {
			isa = XCBuildConfiguration;
			buildSettings = {
				CODE_SIGN_STYLE = Automatic;
				CURRENT_PROJECT_VERSION = 1;
				GENERATE_INFOPLIST_FILE = YES;
				MARKETING_VERSION = 1.0;
				PRODUCT_BUNDLE_IDENTIFIER = com.github.kerker00.SnagNavDemoUITests;
				PRODUCT_NAME = "$(TARGET_NAME)";
				SDKROOT = auto;
				SUPPORTED_PLATFORMS = "iphoneos iphonesimulator macosx";
				SUPPORTS_MACCATALYST = NO;
				SWIFT_EMIT_LOC_STRINGS = NO;
				SWIFT_VERSION = 6.0;
				TARGETED_DEVICE_FAMILY = "1,2";
				TEST_TARGET_NAME = SnagNavDemo;
			};
			name = Debug;
		};
		5A1D00000000000000000A06 /* Release */ = {
			isa = XCBuildConfiguration;
			buildSettings = {
				CODE_SIGN_STYLE = Automatic;
				CURRENT_PROJECT_VERSION = 1;
				GENERATE_INFOPLIST_FILE = YES;
				MARKETING_VERSION = 1.0;
				PRODUCT_BUNDLE_IDENTIFIER = com.github.kerker00.SnagNavDemoUITests;
				PRODUCT_NAME = "$(TARGET_NAME)";
				SDKROOT = auto;
				SUPPORTED_PLATFORMS = "iphoneos iphonesimulator macosx";
				SUPPORTS_MACCATALYST = NO;
				SWIFT_EMIT_LOC_STRINGS = NO;
				SWIFT_VERSION = 6.0;
				TARGETED_DEVICE_FAMILY = "1,2";
				TEST_TARGET_NAME = SnagNavDemo;
			};
			name = Release;
		};
/* End XCBuildConfiguration section */

/* Begin XCConfigurationList section */
		5A1D00000000000000000901 /* Build configuration list for PBXProject "SnagNavDemo" */ = {
			isa = XCConfigurationList;
			buildConfigurations = (
				5A1D00000000000000000A01 /* Debug */,
				5A1D00000000000000000A02 /* Release */,
			);
			defaultConfigurationIsVisible = 0;
			defaultConfigurationName = Release;
		};
		5A1D00000000000000000902 /* Build configuration list for PBXNativeTarget "SnagNavDemo" */ = {
			isa = XCConfigurationList;
			buildConfigurations = (
				5A1D00000000000000000A03 /* Debug */,
				5A1D00000000000000000A04 /* Release */,
			);
			defaultConfigurationIsVisible = 0;
			defaultConfigurationName = Release;
		};
		5A1D00000000000000000903 /* Build configuration list for PBXNativeTarget "SnagNavDemoUITests" */ = {
			isa = XCConfigurationList;
			buildConfigurations = (
				5A1D00000000000000000A05 /* Debug */,
				5A1D00000000000000000A06 /* Release */,
			);
			defaultConfigurationIsVisible = 0;
			defaultConfigurationName = Release;
		};
/* End XCConfigurationList section */

/* Begin XCLocalSwiftPackageReference section */
		5A1D00000000000000000451 /* XCLocalSwiftPackageReference "../.." */ = {
			isa = XCLocalSwiftPackageReference;
			relativePath = ../..;
		};
/* End XCLocalSwiftPackageReference section */

/* Begin XCSwiftPackageProductDependency section */
		5A1D00000000000000000401 /* GMSnagNav */ = {
			isa = XCSwiftPackageProductDependency;
			productName = GMSnagNav;
		};
/* End XCSwiftPackageProductDependency section */
	};
	rootObject = 5A1D00000000000000000001 /* Project object */;
}
